
Microsoft Visual Studio Solution File, Format Version 12.00
# Visual Studio Version 16
VisualStudioVersion = 16.0.33529.622
MinimumVisualStudioVersion = 10.0.40219.1
Project("{FAE04EC0-301F-11D3-BF4B-00C04F79EFBC}") = "surveyWebAppwithTestCase", "surveyWebAppwithTestCase\surveyWebAppwithTestCase.csproj", "{C093A6BA-E5FF-4213-9D17-A8630F6E7F9C}"
EndProject
Project("{FAE04EC0-301F-11D3-BF4B-00C04F79EFBC}") = "UnitTestSurveyWebApp", "UnitTestSurveyWebApp\UnitTestSurveyWebApp.csproj", "{654B42A3-8201-45DE-8528-D40660AD09FD}"
EndProject
Global
	GlobalSection(SolutionConfigurationPlatforms) = preSolution
		Debug|Any CPU = Debug|Any CPU
		Release|Any CPU = Release|Any CPU
	EndGlobalSection
	GlobalSection(ProjectConfigurationPlatforms) = postSolution
		{C093A6BA-E5FF-4213-9D17-A8630F6E7F9C}.Debug|Any CPU.ActiveCfg = Debug|Any CPU
		{C093A6BA-E5FF-4213-9D17-A8630F6E7F9C}.Debug|Any CPU.Build.0 = Debug|Any CPU
		{C093A6BA-E5FF-4213-9D17-A8630F6E7F9C}.Release|Any CPU.ActiveCfg = Release|Any CPU
		{C093A6BA-E5FF-4213-9D17-A8630F6E7F9C}.Release|Any CPU.Build.0 = Release|Any CPU
		{654B42A3-8201-45DE-8528-D40660AD09FD}.Debug|Any CPU.ActiveCfg = Debug|Any CPU
		{654B42A3-8201-45DE-8528-D40660AD09FD}.Debug|Any CPU.Build.0 = Debug|Any CPU
		{654B42A3-8201-45DE-8528-D40660AD09FD}.Release|Any CPU.ActiveCfg = Release|Any CPU
		{654B42A3-8201-45DE-8528-D40660AD09FD}.Release|Any CPU.Build.0 = Release|Any CPU
	EndGlobalSection
	GlobalSection(SolutionProperties) = preSolution
		HideSolutionNode = FALSE
	EndGlobalSection
	GlobalSection(ExtensibilityGlobals) = postSolution
		SolutionGuid = {C2186A53-B445-4D4E-BCA6-6C741DD8147B}
	EndGlobalSection
EndGlobal
